// !$*UTF8*$!
{
	archiveVersion = 1;
	classes = {
	};
	objectVersion = 50;
	objects = {

/* Begin PBXBuildFile section */
		84B89989213804FC00C35313 /* AppDelegate.m in Sources */ = {isa = PBXBuildFile; fileRef = 84B89988213804FC00C35313 /* AppDelegate.m */; };
		84B8998C213804FC00C35313 /* ViewController.m in Sources */ = {isa = PBXBuildFile; fileRef = 84B8998B213804FC00C35313 /* ViewController.m */; };
		84B8998F213804FC00C35313 /* Main.storyboard in Resources */ = {isa = PBXBuildFile; fileRef = 84B8998D213804FC00C35313 /* Main.storyboard */; };
		84B89991213804FE00C35313 /* Assets.xcassets in Resources */ = {isa = PBXBuildFile; fileRef = 84B89990213804FE00C35313 /* Assets.xcassets */; };
		84B89994213804FE00C35313 /* LaunchScreen.storyboard in Resources */ = {isa = PBXBuildFile; fileRef = 84B89992213804FE00C35313 /* LaunchScreen.storyboard */; };
		84B89997213804FE00C35313 /* main.m in Sources */ = {isa = PBXBuildFile; fileRef = 84B89996213804FE00C35313 /* main.m */; };
		84B899A3213806E900C35313 /* WXPayment.m in Sources */ = {isa = PBXBuildFile; fileRef = 84B899A2213806E900C35313 /* WXPayment.m */; };
		84B899A72138088600C35313 /* WXPaymentFactory.m in Sources */ = {isa = PBXBuildFile; fileRef = 84B899A62138088600C35313 /* WXPaymentFactory.m */; };
		84B899AA213809F500C35313 /* ZFBPayment.m in Sources */ = {isa = PBXBuildFile; fileRef = 84B899A9213809F500C35313 /* ZFBPayment.m */; };
		84B899AD21380A4D00C35313 /* ZFBPaymentFactory.m in Sources */ = {isa = PBXBuildFile; fileRef = 84B899AC21380A4D00C35313 /* ZFBPaymentFactory.m */; };
/* End PBXBuildFile section */

/* Begin PBXFileReference section */
		84B89984213804FC00C35313 /* FactoryMode(抽象工厂).app */ = {isa = PBXFileReference; explicitFileType = wrapper.application; includeInIndex = 0; path = "FactoryMode(抽象工厂).app"; sourceTree = BUILT_PRODUCTS_DIR; };
		84B89987213804FC00C35313 /* AppDelegate.h */ = {isa = PBXFileReference; lastKnownFileType = sourcecode.c.h; path = AppDelegate.h; sourceTree = "<group>"; };
		84B89988213804FC00C35313 /* AppDelegate.m */ = {isa = PBXFileReference; lastKnownFileType = sourcecode.c.objc; path = AppDelegate.m; sourceTree = "<group>"; };
		84B8998A213804FC00C35313 /* ViewController.h */ = {isa = PBXFileReference; lastKnownFileType = sourcecode.c.h; path = ViewController.h; sourceTree = "<group>"; };
		84B8998B213804FC00C35313 /* ViewController.m */ = {isa = PBXFileReference; lastKnownFileType = sourcecode.c.objc; path = ViewController.m; sourceTree = "<group>"; };
		84B8998E213804FC00C35313 /* Base */ = {isa = PBXFileReference; lastKnownFileType = file.storyboard; name = Base; path = Base.lproj/Main.storyboard; sourceTree = "<group>"; };
		84B89990213804FE00C35313 /* Assets.xcassets */ = {isa = PBXFileReference; lastKnownFileType = folder.assetcatalog; path = Assets.xcassets; sourceTree = "<group>"; };
		84B89993213804FE00C35313 /* Base */ = {isa = PBXFileReference; lastKnownFileType = file.storyboard; name = Base; path = Base.lproj/LaunchScreen.storyboard; sourceTree = "<group>"; };
		84B89995213804FE00C35313 /* Info.plist */ = {isa = PBXFileReference; lastKnownFileType = text.plist.xml; path = Info.plist; sourceTree = "<group>"; };
		84B89996213804FE00C35313 /* main.m */ = {isa = PBXFileReference; lastKnownFileType = sourcecode.c.objc; path = main.m; sourceTree = "<group>"; };
		84B899A0213805EB00C35313 /* PaymentProtocol.h */ = {isa = PBXFileReference; lastKnownFileType = sourcecode.c.h; path = PaymentProtocol.h; sourceTree = "<group>"; };
		84B899A1213806E900C35313 /* WXPayment.h */ = {isa = PBXFileReference; lastKnownFileType = sourcecode.c.h; path = WXPayment.h; sourceTree = "<group>"; };
		84B899A2213806E900C35313 /* WXPayment.m */ = {isa = PBXFileReference; lastKnownFileType = sourcecode.c.objc; path = WXPayment.m; sourceTree = "<group>"; };
		84B899A42138079F00C35313 /* PaymentFactoryProtocol.h */ = {isa = PBXFileReference; lastKnownFileType = sourcecode.c.h; path = PaymentFactoryProtocol.h; sourceTree = "<group>"; };
		84B899A52138088600C35313 /* WXPaymentFactory.h */ = {isa = PBXFileReference; lastKnownFileType = sourcecode.c.h; path = WXPaymentFactory.h; sourceTree = "<group>"; };
		84B899A62138088600C35313 /* WXPaymentFactory.m */ = {isa = PBXFileReference; lastKnownFileType = sourcecode.c.objc; path = WXPaymentFactory.m; sourceTree = "<group>"; };
		84B899A8213809F500C35313 /* ZFBPayment.h */ = {isa = PBXFileReference; lastKnownFileType = sourcecode.c.h; path = ZFBPayment.h; sourceTree = "<group>"; };
		84B899A9213809F500C35313 /* ZFBPayment.m */ = {isa = PBXFileReference; lastKnownFileType = sourcecode.c.objc; path = ZFBPayment.m; sourceTree = "<group>"; };
		84B899AB21380A4D00C35313 /* ZFBPaymentFactory.h */ = {isa = PBXFileReference; lastKnownFileType = sourcecode.c.h; path = ZFBPaymentFactory.h; sourceTree = "<group>"; };
		84B899AC21380A4D00C35313 /* ZFBPaymentFactory.m */ = {isa = PBXFileReference; lastKnownFileType = sourcecode.c.objc; path = ZFBPaymentFactory.m; sourceTree = "<group>"; };
/* End PBXFileReference section */

/* Begin PBXFrameworksBuildPhase section */
		84B89981213804FC00C35313 /* Frameworks */ = {
			isa = PBXFrameworksBuildPhase;
			buildActionMask = 2147483647;
			files = (
			);
			runOnlyForDeploymentPostprocessing = 0;
		};
/* End PBXFrameworksBuildPhase section */

/* Begin PBXGroup section */
		84B8997B213804FC00C35313 = {
			isa = PBXGroup;
			children = (
				84B89986213804FC00C35313 /* FactoryMode(抽象工厂) */,
				84B89985213804FC00C35313 /* Products */,
			);
			sourceTree = "<group>";
		};
		84B89985213804FC00C35313 /* Products */ = {
			isa = PBXGroup;
			children = (
				84B89984213804FC00C35313 /* FactoryMode(抽象工厂).app */,
			);
			name = Products;
			sourceTree = "<group>";
		};
		84B89986213804FC00C35313 /* FactoryMode(抽象工厂) */ = {
			isa = PBXGroup;
			children = (
				84B89987213804FC00C35313 /* AppDelegate.h */,
				84B89988213804FC00C35313 /* AppDelegate.m */,
				84B8998A213804FC00C35313 /* ViewController.h */,
				84B8998B213804FC00C35313 /* ViewController.m */,
				84B8999F2138059100C35313 /* Protocol */,
				84B8999E2138058200C35313 /* WX */,
				84B8999D2138056F00C35313 /* ZFB */,
				84B8998D213804FC00C35313 /* Main.storyboard */,
				84B89990213804FE00C35313 /* Assets.xcassets */,
				84B89992213804FE00C35313 /* LaunchScreen.storyboard */,
				84B89995213804FE00C35313 /* Info.plist */,
				84B89996213804FE00C35313 /* main.m */,
			);
			path = "FactoryMode(抽象工厂)";
			sourceTree = "<group>";
		};
		84B8999D2138056F00C35313 /* ZFB */ = {
			isa = PBXGroup;
			children = (
				84B899A8213809F500C35313 /* ZFBPayment.h */,
				84B899A9213809F500C35313 /* ZFBPayment.m */,
				84B899AB21380A4D00C35313 /* ZFBPaymentFactory.h */,
				84B899AC21380A4D00C35313 /* ZFBPaymentFactory.m */,
			);
			path = ZFB;
			sourceTree = "<group>";
		};
		84B8999E2138058200C35313 /* WX */ = {
			isa = PBXGroup;
			children = (
				84B899A1213806E900C35313 /* WXPayment.h */,
				84B899A2213806E900C35313 /* WXPayment.m */,
				84B899A52138088600C35313 /* WXPaymentFactory.h */,
				84B899A62138088600C35313 /* WXPaymentFactory.m */,
			);
			path = WX;
			sourceTree = "<group>";
		};
		84B8999F2138059100C35313 /* Protocol */ = {
			isa = PBXGroup;
			children = (
				84B899A0213805EB00C35313 /* PaymentProtocol.h */,
				84B899A42138079F00C35313 /* PaymentFactoryProtocol.h */,
			);
			path = Protocol;
			sourceTree = "<group>";
		};
/* End PBXGroup section */

/* Begin PBXNativeTarget section */
		84B89983213804FC00C35313 /* FactoryMode(抽象工厂) */ = {
			isa = PBXNativeTarget;
			buildConfigurationList = 84B8999A213804FE00C35313 /* Build configuration list for PBXNativeTarget "FactoryMode(抽象工厂)" */;
			buildPhases = (
				84B89980213804FC00C35313 /* Sources */,
				84B89981213804FC00C35313 /* Frameworks */,
				84B89982213804FC00C35313 /* Resources */,
			);
			buildRules = (
			);
			dependencies = (
			);
			name = "FactoryMode(抽象工厂)";
			productName = "FactoryMode(抽象工厂)";
			productReference = 84B89984213804FC00C35313 /* FactoryMode(抽象工厂).app */;
			productType = "com.apple.product-type.application";
		};
/* End PBXNativeTarget section */

/* Begin PBXProject section */
		84B8997C213804FC00C35313 /* Project object */ = {
			isa = PBXProject;
			attributes = {
				LastUpgradeCheck = 0940;
				ORGANIZATIONNAME = admin;
				TargetAttributes = {
					84B89983213804FC00C35313 = {
						CreatedOnToolsVersion = 9.4.1;
					};
				};
			};
			buildConfigurationList = 84B8997F213804FC00C35313 /* Build configuration list for PBXProject "FactoryMode(抽象工厂)" */;
			compatibilityVersion = "Xcode 9.3";
			developmentRegion = en;
			hasScannedForEncodings = 0;
			knownRegions = (
				en,
				Base,
			);
			mainGroup = 84B8997B213804FC00C35313;
			productRefGroup = 84B89985213804FC00C35313 /* Products */;
			projectDirPath = "";
			projectRoot = "";
			targets = (
				84B89983213804FC00C35313 /* FactoryMode(抽象工厂) */,
			);
		};
/* End PBXProject section */

/* Begin PBXResourcesBuildPhase section */
		84B89982213804FC00C35313 /* Resources */ = {
			isa = PBXResourcesBuildPhase;
			buildActionMask = 2147483647;
			files = (
				84B89994213804FE00C35313 /* LaunchScreen.storyboard in Resources */,
				84B89991213804FE00C35313 /* Assets.xcassets in Resources */,
				84B8998F213804FC00C35313 /* Main.storyboard in Resources */,
			);
			runOnlyForDeploymentPostprocessing = 0;
		};
/* End PBXResourcesBuildPhase section */

/* Begin PBXSourcesBuildPhase section */
		84B89980213804FC00C35313 /* Sources */ = {
			isa = PBXSourcesBuildPhase;
			buildActionMask = 2147483647;
			files = (
				84B8998C213804FC00C35313 /* ViewController.m in Sources */,
				84B899AA213809F500C35313 /* ZFBPayment.m in Sources */,
				84B89997213804FE00C35313 /* main.m in Sources */,
				84B89989213804FC00C35313 /* AppDelegate.m in Sources */,
				84B899A3213806E900C35313 /* WXPayment.m in Sources */,
				84B899A72138088600C35313 /* WXPaymentFactory.m in Sources */,
				84B899AD21380A4D00C35313 /* ZFBPaymentFactory.m in Sources */,
			);
			runOnlyForDeploymentPostprocessing = 0;
		};
/* End PBXSourcesBuildPhase section */

/* Begin PBXVariantGroup section */
		84B8998D213804FC00C35313 /* Main.storyboard */ = {
			isa = PBXVariantGroup;
			children = (
				84B8998E213804FC00C35313 /* Base */,
			);
			name = Main.storyboard;
			sourceTree = "<group>";
		};
		84B89992213804FE00C35313 /* LaunchScreen.storyboard */ = {
			isa = PBXVariantGroup;
			children = (
				84B89993213804FE00C35313 /* Base */,
			);
			name = LaunchScreen.storyboard;
			sourceTree = "<group>";
		};
/* End PBXVariantGroup section */

/* Begin XCBuildConfiguration section */
		84B89998213804FE00C35313 /* Debug */ = {
			isa = XCBuildConfiguration;
			buildSettings = {
				ALWAYS_SEARCH_USER_PATHS = NO;
				CLANG_ANALYZER_NONNULL = YES;
				CLANG_ANALYZER_NUMBER_OBJECT_CONVERSION = YES_AGGRESSIVE;
				CLANG_CXX_LANGUAGE_STANDARD = "gnu++14";
				CLANG_CXX_LIBRARY = "libc++";
				CLANG_ENABLE_MODULES = YES;
				CLANG_ENABLE_OBJC_ARC = YES;
				CLANG_ENABLE_OBJC_WEAK = YES;
				CLANG_WARN_BLOCK_CAPTURE_AUTORELEASING = YES;
				CLANG_WARN_BOOL_CONVERSION = YES;
				CLANG_WARN_COMMA = YES;
				CLANG_WARN_CONSTANT_CONVERSION = YES;
				CLANG_WARN_DEPRECATED_OBJC_IMPLEMENTATIONS = YES;
				CLANG_WARN_DIRECT_OBJC_ISA_USAGE = YES_ERROR;
				CLANG_WARN_DOCUMENTATION_COMMENTS = YES;
				CLANG_WARN_EMPTY_BODY = YES;
				CLANG_WARN_ENUM_CONVERSION = YES;
				CLANG_WARN_INFINITE_RECURSION = YES;
				CLANG_WARN_INT_CONVERSION = YES;
				CLANG_WARN_NON_LITERAL_NULL_CONVERSION = YES;
				CLANG_WARN_OBJC_IMPLICIT_RETAIN_SELF = YES;
				CLANG_WARN_OBJC_LITERAL_CONVERSION = YES;
				CLANG_WARN_OBJC_ROOT_CLASS = YES_ERROR;
				CLANG_WARN_RANGE_LOOP_ANALYSIS = YES;
				CLANG_WARN_STRICT_PROTOTYPES = YES;
				CLANG_WARN_SUSPICIOUS_MOVE = YES;
				CLANG_WARN_UNGUARDED_AVAILABILITY = YES_AGGRESSIVE;
				CLANG_WARN_UNREACHABLE_CODE = YES;
				CLANG_WARN__DUPLICATE_METHOD_MATCH = YES;
				CODE_SIGN_IDENTITY = "iPhone Developer";
				COPY_PHASE_STRIP = NO;
				DEBUG_INFORMATION_FORMAT = dwarf;
				ENABLE_STRICT_OBJC_MSGSEND = YES;
				ENABLE_TESTABILITY = YES;
				GCC_C_LANGUAGE_STANDARD = gnu11;
				GCC_DYNAMIC_NO_PIC = NO;
				GCC_NO_COMMON_BLOCKS = YES;
				GCC_OPTIMIZATION_LEVEL = 0;
				GCC_PREPROCESSOR_DEFINITIONS = (
					"DEBUG=1",
					"$(inherited)",
				);
				GCC_WARN_64_TO_32_BIT_CONVERSION = YES;
				GCC_WARN_ABOUT_RETURN_TYPE = YES_ERROR;
				GCC_WARN_UNDECLARED_SELECTOR = YES;
				GCC_WARN_UNINITIALIZED_AUTOS = YES_AGGRESSIVE;
				GCC_WARN_UNUSED_FUNCTION = YES;
				GCC_WARN_UNUSED_VARIABLE = YES;
				IPHONEOS_DEPLOYMENT_TARGET = 11.4;
				MTL_ENABLE_DEBUG_INFO = YES;
				ONLY_ACTIVE_ARCH = YES;
				SDKROOT = iphoneos;
			};
			name = Debug;
		};
		84B89999213804FE00C35313 /* Release */ = {
			isa = XCBuildConfiguration;
			buildSettings = {
				ALWAYS_SEARCH_USER_PATHS = NO;
				CLANG_ANALYZER_NONNULL = YES;
				CLANG_ANALYZER_NUMBER_OBJECT_CONVERSION = YES_AGGRESSIVE;
				CLANG_CXX_LANGUAGE_STANDARD = "gnu++14";
				CLANG_CXX_LIBRARY = "libc++";
				CLANG_ENABLE_MODULES = YES;
				CLANG_ENABLE_OBJC_ARC = YES;
				CLANG_ENABLE_OBJC_WEAK = YES;
				CLANG_WARN_BLOCK_CAPTURE_AUTORELEASING = YES;
				CLANG_WARN_BOOL_CONVERSION = YES;
				CLANG_WARN_COMMA = YES;
				CLANG_WARN_CONSTANT_CONVERSION = YES;
				CLANG_WARN_DEPRECATED_OBJC_IMPLEMENTATIONS = YES;
				CLANG_WARN_DIRECT_OBJC_ISA_USAGE = YES_ERROR;
				CLANG_WARN_DOCUMENTATION_COMMENTS = YES;
				CLANG_WARN_EMPTY_BODY = YES;
				CLANG_WARN_ENUM_CONVERSION = YES;
				CLANG_WARN_INFINITE_RECURSION = YES;
				CLANG_WARN_INT_CONVERSION = YES;
				CLANG_WARN_NON_LITERAL_NULL_CONVERSION = YES;
				CLANG_WARN_OBJC_IMPLICIT_RETAIN_SELF = YES;
				CLANG_WARN_OBJC_LITERAL_CONVERSION = YES;
				CLANG_WARN_OBJC_ROOT_CLASS = YES_ERROR;
				CLANG_WARN_RANGE_LOOP_ANALYSIS = YES;
				CLANG_WARN_STRICT_PROTOTYPES = YES;
				CLANG_WARN_SUSPICIOUS_MOVE = YES;
				CLANG_WARN_UNGUARDED_AVAILABILITY = YES_AGGRESSIVE;
				CLANG_WARN_UNREACHABLE_CODE = YES;
				CLANG_WARN__DUPLICATE_METHOD_MATCH = YES;
				CODE_SIGN_IDENTITY = "iPhone Developer";
				COPY_PHASE_STRIP = NO;
				DEBUG_INFORMATION_FORMAT = "dwarf-with-dsym";
				ENABLE_NS_ASSERTIONS = NO;
				ENABLE_STRICT_OBJC_MSGSEND = YES;
				GCC_C_LANGUAGE_STANDARD = gnu11;
				GCC_NO_COMMON_BLOCKS = YES;
				GCC_WARN_64_TO_32_BIT_CONVERSION = YES;
				GCC_WARN_ABOUT_RETURN_TYPE = YES_ERROR;
				GCC_WARN_UNDECLARED_SELECTOR = YES;
				GCC_WARN_UNINITIALIZED_AUTOS = YES_AGGRESSIVE;
				GCC_WARN_UNUSED_FUNCTION = YES;
				GCC_WARN_UNUSED_VARIABLE = YES;
				IPHONEOS_DEPLOYMENT_TARGET = 11.4;
				MTL_ENABLE_DEBUG_INFO = NO;
				SDKROOT = iphoneos;
				VALIDATE_PRODUCT = YES;
			};
			name = Release;
		};
		84B8999B213804FE00C35313 /* Debug */ = {
			isa = XCBuildConfiguration;
			buildSettings = {
				ASSETCATALOG_COMPILER_APPICON_NAME = AppIcon;
				CODE_SIGN_STYLE = Automatic;
				DEVELOPMENT_TEAM = SWX76ZXQ9Q;
				INFOPLIST_FILE = "FactoryMode(抽象工厂)/Info.plist";
				LD_RUNPATH_SEARCH_PATHS = (
					"$(inherited)",
					"@executable_path/Frameworks",
				);
				PRODUCT_BUNDLE_IDENTIFIER = "admin.FactoryMode------";
				PRODUCT_NAME = "$(TARGET_NAME)";
				TARGETED_DEVICE_FAMILY = "1,2";
			};
			name = Debug;
		};
		84B8999C213804FE00C35313 /* Release */ = {
			isa = XCBuildConfiguration;
			buildSettings = {
				ASSETCATALOG_COMPILER_APPICON_NAME = AppIcon;
				CODE_SIGN_STYLE = Automatic;
				DEVELOPMENT_TEAM = SWX76ZXQ9Q;
				INFOPLIST_FILE = "FactoryMode(抽象工厂)/Info.plist";
				LD_RUNPATH_SEARCH_PATHS = (
					"$(inherited)",
					"@executable_path/Frameworks",
				);
				PRODUCT_BUNDLE_IDENTIFIER = "admin.FactoryMode------";
				PRODUCT_NAME = "$(TARGET_NAME)";
				TARGETED_DEVICE_FAMILY = "1,2";
			};
			name = Release;
		};
/* End XCBuildConfiguration section */

/* Begin XCConfigurationList section */
		84B8997F213804FC00C35313 /* Build configuration list for PBXProject "FactoryMode(抽象工厂)" */ = {
			isa = XCConfigurationList;
			buildConfigurations = (
				84B89998213804FE00C35313 /* Debug */,
				84B89999213804FE00C35313 /* Release */,
			);
			defaultConfigurationIsVisible = 0;
			defaultConfigurationName = Release;
		};
		84B8999A213804FE00C35313 /* Build configuration list for PBXNativeTarget "FactoryMode(抽象工厂)" */ = {
			isa = XCConfigurationList;
			buildConfigurations = (
				84B8999B213804FE00C35313 /* Debug */,
				84B8999C213804FE00C35313 /* Release */,
			);
			defaultConfigurationIsVisible = 0;
			defaultConfigurationName = Release;
		};
/* End XCConfigurationList section */
	};
	rootObject = 84B8997C213804FC00C35313 /* Project object */;
}
